
Microsoft Visual Studio Solution File, Format Version 12.00
# Visual Studio Version 16
VisualStudioVersion = 16.0.29418.71
MinimumVisualStudioVersion = 10.0.40219.1
Project("{FAE04EC0-301F-11D3-BF4B-00C04F79EFBC}") = "bookstore.domain", "bookstore.domain\bookstore.domain.csproj", "{28112257-7BD6-4BD2-A32F-F3D429AB92B9}"
EndProject
Project("{FAE04EC0-301F-11D3-BF4B-00C04F79EFBC}") = "bookstore.repository", "bookstore.repository\bookstore.repository.csproj", "{A5466483-114A-43CB-B09B-C0F7BCDFDC00}"
EndProject
Project("{FAE04EC0-301F-11D3-BF4B-00C04F79EFBC}") = "bookstore.web", "bookstore.web\bookstore.web.csproj", "{092CD308-2EFC-45A2-ADB2-9EB500F0EA46}"
EndProject
Global
	GlobalSection(SolutionConfigurationPlatforms) = preSolution
		Debug|Any CPU = Debug|Any CPU
		Release|Any CPU = Release|Any CPU
	EndGlobalSection
	GlobalSection(ProjectConfigurationPlatforms) = postSolution
		{28112257-7BD6-4BD2-A32F-F3D429AB92B9}.Debug|Any CPU.ActiveCfg = Debug|Any CPU
		{28112257-7BD6-4BD2-A32F-F3D429AB92B9}.Debug|Any CPU.Build.0 = Debug|Any CPU
		{28112257-7BD6-4BD2-A32F-F3D429AB92B9}.Release|Any CPU.ActiveCfg = Release|Any CPU
		{28112257-7BD6-4BD2-A32F-F3D429AB92B9}.Release|Any CPU.Build.0 = Release|Any CPU
		{A5466483-114A-43CB-B09B-C0F7BCDFDC00}.Debug|Any CPU.ActiveCfg = Debug|Any CPU
		{A5466483-114A-43CB-B09B-C0F7BCDFDC00}.Debug|Any CPU.Build.0 = Debug|Any CPU
		{A5466483-114A-43CB-B09B-C0F7BCDFDC00}.Release|Any CPU.ActiveCfg = Release|Any CPU
		{A5466483-114A-43CB-B09B-C0F7BCDFDC00}.Release|Any CPU.Build.0 = Release|Any CPU
		{092CD308-2EFC-45A2-ADB2-9EB500F0EA46}.Debug|Any CPU.ActiveCfg = Debug|Any CPU
		{092CD308-2EFC-45A2-ADB2-9EB500F0EA46}.Debug|Any CPU.Build.0 = Debug|Any CPU
		{092CD308-2EFC-45A2-ADB2-9EB500F0EA46}.Release|Any CPU.ActiveCfg = Release|Any CPU
		{092CD308-2EFC-45A2-ADB2-9EB500F0EA46}.Release|Any CPU.Build.0 = Release|Any CPU
	EndGlobalSection
	GlobalSection(SolutionProperties) = preSolution
		HideSolutionNode = FALSE
	EndGlobalSection
	GlobalSection(ExtensibilityGlobals) = postSolution
		SolutionGuid = {3CD8434A-F5E4-497D-969D-7AB42E157191}
	EndGlobalSection
EndGlobal
